
Microsoft Visual Studio Solution File, Format Version 12.00
# Visual Studio Version 17
VisualStudioVersion = 17.0.32014.148
MinimumVisualStudioVersion = 10.0.40219.1
Project("{9A19103F-16F7-4668-BE54-9A1E7A4F7556}") = "Sale App", "Sale App\Sale App.csproj", "{4CC5E5B2-C118-4A0C-A794-7170FF07B58A}"
EndProject
Project("{9A19103F-16F7-4668-BE54-9A1E7A4F7556}") = "ProductManagement1", "..\ProductManagement1\ProductManagement1\ProductManagement1.csproj", "{48A60C8B-840F-4D0C-AC64-7D86DABE372D}"
EndProject
Global
	GlobalSection(SolutionConfigurationPlatforms) = preSolution
		Debug|Any CPU = Debug|Any CPU
		Release|Any CPU = Release|Any CPU
	EndGlobalSection
	GlobalSection(ProjectConfigurationPlatforms) = postSolution
		{4CC5E5B2-C118-4A0C-A794-7170FF07B58A}.Debug|Any CPU.ActiveCfg = Debug|Any CPU
		{4CC5E5B2-C118-4A0C-A794-7170FF07B58A}.Debug|Any CPU.Build.0 = Debug|Any CPU
		{4CC5E5B2-C118-4A0C-A794-7170FF07B58A}.Release|Any CPU.ActiveCfg = Release|Any CPU
		{4CC5E5B2-C118-4A0C-A794-7170FF07B58A}.Release|Any CPU.Build.0 = Release|Any CPU
		{48A60C8B-840F-4D0C-AC64-7D86DABE372D}.Debug|Any CPU.ActiveCfg = Debug|Any CPU
		{48A60C8B-840F-4D0C-AC64-7D86DABE372D}.Debug|Any CPU.Build.0 = Debug|Any CPU
		{48A60C8B-840F-4D0C-AC64-7D86DABE372D}.Release|Any CPU.ActiveCfg = Release|Any CPU
		{48A60C8B-840F-4D0C-AC64-7D86DABE372D}.Release|Any CPU.Build.0 = Release|Any CPU
	EndGlobalSection
	GlobalSection(SolutionProperties) = preSolution
		HideSolutionNode = FALSE
	EndGlobalSection
	GlobalSection(ExtensibilityGlobals) = postSolution
		SolutionGuid = {8DF6BF0B-366E-452E-A03F-4996186C2F2D}
	EndGlobalSection
EndGlobal
